
Microsoft Visual Studio Solution File, Format Version 12.00
# Visual Studio Version 16
VisualStudioVersion = 16.0.31410.357
MinimumVisualStudioVersion = 10.0.40219.1
Project("{FAE04EC0-301F-11D3-BF4B-00C04F79EFBC}") = "AssetLiabilityChallenge", "AssetLiabilityChallenge\AssetLiabilityChallenge.csproj", "{06877950-0DBB-4D7E-BC88-F5ACFABE7159}"
EndProject
Global
	GlobalSection(SolutionConfigurationPlatforms) = preSolution
		Debug|Any CPU = Debug|Any CPU
		Release|Any CPU = Release|Any CPU
	EndGlobalSection
	GlobalSection(ProjectConfigurationPlatforms) = postSolution
		{06877950-0DBB-4D7E-BC88-F5ACFABE7159}.Debug|Any CPU.ActiveCfg = Debug|Any CPU
		{06877950-0DBB-4D7E-BC88-F5ACFABE7159}.Debug|Any CPU.Build.0 = Debug|Any CPU
		{06877950-0DBB-4D7E-BC88-F5ACFABE7159}.Release|Any CPU.ActiveCfg = Release|Any CPU
		{06877950-0DBB-4D7E-BC88-F5ACFABE7159}.Release|Any CPU.Build.0 = Release|Any CPU
	EndGlobalSection
	GlobalSection(SolutionProperties) = preSolution
		HideSolutionNode = FALSE
	EndGlobalSection
	GlobalSection(ExtensibilityGlobals) = postSolution
		SolutionGuid = {A9809A2E-65EB-4E11-ACA0-BC5E5CD5C507}
	EndGlobalSection
EndGlobal
